// !$*UTF8*$!
{
	archiveVersion = 1;
	classes = {
	};
	objectVersion = 77;
	objects = {

/* Begin PBXBuildFile section */
		7A1234562DBC08000089D3DA /* Supabase in Frameworks */ = {isa = PBXBuildFile; productRef = 7A1234552DBC08000089D3DA /* Supabase */; };
		7A1FD56D2DBC07E30089D3DA /* Down in Frameworks */ = {isa = PBXBuildFile; productRef = 7A1FD56C2DBC07E30089D3DA /* Down */; };
		7A5791692D9940CC0018E162 /* SwiftCSV in Frameworks */ = {isa = PBXBuildFile; productRef = 7A5791682D9940CC0018E162 /* SwiftCSV */; };
/* End PBXBuildFile section */

/* Begin PBXContainerItemProxy section */
		7AA52C492D97D8E800C2B563 /* PBXContainerItemProxy */ = {
			isa = PBXContainerItemProxy;
			containerPortal = 7AA52C2A2D97D8E700C2B563 /* Project object */;
			proxyType = 1;
			remoteGlobalIDString = 7AA52C312D97D8E700C2B563;
			remoteInfo = WhoNext;
		};
		7AA52C532D97D8E800C2B563 /* PBXContainerItemProxy */ = {
			isa = PBXContainerItemProxy;
			containerPortal = 7AA52C2A2D97D8E700C2B563 /* Project object */;
			proxyType = 1;
			remoteGlobalIDString = 7AA52C312D97D8E700C2B563;
			remoteInfo = WhoNext;
		};
/* End PBXContainerItemProxy section */

/* Begin PBXFileReference section */
		7AA52C322D97D8E700C2B563 /* WhoNext.app */ = {isa = PBXFileReference; explicitFileType = wrapper.application; includeInIndex = 0; path = WhoNext.app; sourceTree = BUILT_PRODUCTS_DIR; };
		7AA52C482D97D8E800C2B563 /* WhoNextTests.xctest */ = {isa = PBXFileReference; explicitFileType = wrapper.cfbundle; includeInIndex = 0; path = WhoNextTests.xctest; sourceTree = BUILT_PRODUCTS_DIR; };
		7AA52C522D97D8E800C2B563 /* WhoNextUITests.xctest */ = {isa = PBXFileReference; explicitFileType = wrapper.cfbundle; includeInIndex = 0; path = WhoNextUITests.xctest; sourceTree = BUILT_PRODUCTS_DIR; };
/* End PBXFileReference section */

/* Begin PBXFileSystemSynchronizedBuildFileExceptionSet section */
		7AE02BC02DBA87A200BC241F /* Exceptions for "WhoNext" folder in "WhoNext" target */ = {
			isa = PBXFileSystemSynchronizedBuildFileExceptionSet;
			membershipExceptions = (
				Info.plist,
			);
			target = 7AA52C312D97D8E700C2B563 /* WhoNext */;
		};
/* End PBXFileSystemSynchronizedBuildFileExceptionSet section */

/* Begin PBXFileSystemSynchronizedRootGroup section */
		7AA52C342D97D8E700C2B563 /* WhoNext */ = {
			isa = PBXFileSystemSynchronizedRootGroup;
			exceptions = (
				7AE02BC02DBA87A200BC241F /* Exceptions for "WhoNext" folder in "WhoNext" target */,
			);
			path = WhoNext;
			sourceTree = "<group>";
		};
		7AA52C4B2D97D8E800C2B563 /* WhoNextTests */ = {
			isa = PBXFileSystemSynchronizedRootGroup;
			path = WhoNextTests;
			sourceTree = "<group>";
		};
		7AA52C552D97D8E800C2B563 /* WhoNextUITests */ = {
			isa = PBXFileSystemSynchronizedRootGroup;
			path = WhoNextUITests;
			sourceTree = "<group>";
		};
/* End PBXFileSystemSynchronizedRootGroup section */

/* Begin PBXFrameworksBuildPhase section */
		7AA52C2F2D97D8E700C2B563 /* Frameworks */ = {
			isa = PBXFrameworksBuildPhase;
			buildActionMask = 2147483647;
			files = (
				7A5791692D9940CC0018E162 /* SwiftCSV in Frameworks */,
				7A1FD56D2DBC07E30089D3DA /* Down in Frameworks */,
				7A1234562DBC08000089D3DA /* Supabase in Frameworks */,
			);
			runOnlyForDeploymentPostprocessing = 0;
		};
		7AA52C452D97D8E800C2B563 /* Frameworks */ = {
			isa = PBXFrameworksBuildPhase;
			buildActionMask = 2147483647;
			files = (
			);
			runOnlyForDeploymentPostprocessing = 0;
		};
		7AA52C4F2D97D8E800C2B563 /* Frameworks */ = {
			isa = PBXFrameworksBuildPhase;
			buildActionMask = 2147483647;
			files = (
			);
			runOnlyForDeploymentPostprocessing = 0;
		};
/* End PBXFrameworksBuildPhase section */

/* Begin PBXGroup section */
		7AA52C292D97D8E700C2B563 = {
			isa = PBXGroup;
			children = (
				7AA52C342D97D8E700C2B563 /* WhoNext */,
				7AA52C4B2D97D8E800C2B563 /* WhoNextTests */,
				7AA52C552D97D8E800C2B563 /* WhoNextUITests */,
				7AA52C332D97D8E700C2B563 /* Products */,
			);
			sourceTree = "<group>";
		};
		7AA52C332D97D8E700C2B563 /* Products */ = {
			isa = PBXGroup;
			children = (
				7AA52C322D97D8E700C2B563 /* WhoNext.app */,
				7AA52C482D97D8E800C2B563 /* WhoNextTests.xctest */,
				7AA52C522D97D8E800C2B563 /* WhoNextUITests.xctest */,
			);
			name = Products;
			sourceTree = "<group>";
		};
/* End PBXGroup section */

/* Begin PBXNativeTarget section */
		7AA52C312D97D8E700C2B563 /* WhoNext */ = {
			isa = PBXNativeTarget;
			buildConfigurationList = 7AA52C5C2D97D8E800C2B563 /* Build configuration list for PBXNativeTarget "WhoNext" */;
			buildPhases = (
				7AA52C2E2D97D8E700C2B563 /* Sources */,
				7AA52C2F2D97D8E700C2B563 /* Frameworks */,
				7AA52C302D97D8E700C2B563 /* Resources */,
			);
			buildRules = (
			);
			dependencies = (
			);
			fileSystemSynchronizedGroups = (
				7AA52C342D97D8E700C2B563 /* WhoNext */,
			);
			name = WhoNext;
			packageProductDependencies = (
				7A5791682D9940CC0018E162 /* SwiftCSV */,
				7A1FD56C2DBC07E30089D3DA /* Down */,
				7A1234552DBC08000089D3DA /* Supabase */,
			);
			productName = WhoNext;
			productReference = 7AA52C322D97D8E700C2B563 /* WhoNext.app */;
			productType = "com.apple.product-type.application";
		};
		7AA52C472D97D8E800C2B563 /* WhoNextTests */ = {
			isa = PBXNativeTarget;
			buildConfigurationList = 7AA52C5F2D97D8E800C2B563 /* Build configuration list for PBXNativeTarget "WhoNextTests" */;
			buildPhases = (
				7AA52C442D97D8E800C2B563 /* Sources */,
				7AA52C452D97D8E800C2B563 /* Frameworks */,
				7AA52C462D97D8E800C2B563 /* Resources */,
			);
			buildRules = (
			);
			dependencies = (
				7AA52C4A2D97D8E800C2B563 /* PBXTargetDependency */,
			);
			fileSystemSynchronizedGroups = (
				7AA52C4B2D97D8E800C2B563 /* WhoNextTests */,
			);
			name = WhoNextTests;
			packageProductDependencies = (
			);
			productName = WhoNextTests;
			productReference = 7AA52C482D97D8E800C2B563 /* WhoNextTests.xctest */;
			productType = "com.apple.product-type.bundle.unit-test";
		};
		7AA52C512D97D8E800C2B563 /* WhoNextUITests */ = {
			isa = PBXNativeTarget;
			buildConfigurationList = 7AA52C622D97D8E800C2B563 /* Build configuration list for PBXNativeTarget "WhoNextUITests" */;
			buildPhases = (
				7AA52C4E2D97D8E800C2B563 /* Sources */,
				7AA52C4F2D97D8E800C2B563 /* Frameworks */,
				7AA52C502D97D8E800C2B563 /* Resources */,
			);
			buildRules = (
			);
			dependencies = (
				7AA52C542D97D8E800C2B563 /* PBXTargetDependency */,
			);
			fileSystemSynchronizedGroups = (
				7AA52C552D97D8E800C2B563 /* WhoNextUITests */,
			);
			name = WhoNextUITests;
			packageProductDependencies = (
			);
			productName = WhoNextUITests;
			productReference = 7AA52C522D97D8E800C2B563 /* WhoNextUITests.xctest */;
			productType = "com.apple.product-type.bundle.ui-testing";
		};
/* End PBXNativeTarget section */

/* Begin PBXProject section */
		7AA52C2A2D97D8E700C2B563 /* Project object */ = {
			isa = PBXProject;
			attributes = {
				BuildIndependentTargetsInParallel = 1;
				LastSwiftUpdateCheck = 1620;
				LastUpgradeCheck = 1620;
				TargetAttributes = {
					7AA52C312D97D8E700C2B563 = {
						CreatedOnToolsVersion = 16.2;
					};
					7AA52C472D97D8E800C2B563 = {
						CreatedOnToolsVersion = 16.2;
						TestTargetID = 7AA52C312D97D8E700C2B563;
					};
					7AA52C512D97D8E800C2B563 = {
						CreatedOnToolsVersion = 16.2;
						TestTargetID = 7AA52C312D97D8E700C2B563;
					};
				};
			};
			buildConfigurationList = 7AA52C2D2D97D8E700C2B563 /* Build configuration list for PBXProject "WhoNext" */;
			developmentRegion = en;
			hasScannedForEncodings = 0;
			knownRegions = (
				en,
				Base,
			);
			mainGroup = 7AA52C292D97D8E700C2B563;
			minimizedProjectReferenceProxies = 1;
			packageReferences = (
				7A5791672D9940CC0018E162 /* XCRemoteSwiftPackageReference "SwiftCSV" */,
				7A1FD56B2DBC07E30089D3DA /* XCRemoteSwiftPackageReference "Down" */,
				7A1234542DBC08000089D3DA /* XCRemoteSwiftPackageReference "supabase-swift" */,
			);
			preferredProjectObjectVersion = 77;
			productRefGroup = 7AA52C332D97D8E700C2B563 /* Products */;
			projectDirPath = "";
			projectRoot = "";
			targets = (
				7AA52C312D97D8E700C2B563 /* WhoNext */,
				7AA52C472D97D8E800C2B563 /* WhoNextTests */,
				7AA52C512D97D8E800C2B563 /* WhoNextUITests */,
			);
		};
/* End PBXProject section */

/* Begin PBXResourcesBuildPhase section */
		7AA52C302D97D8E700C2B563 /* Resources */ = {
			isa = PBXResourcesBuildPhase;
			buildActionMask = 2147483647;
			files = (
			);
			runOnlyForDeploymentPostprocessing = 0;
		};
		7AA52C462D97D8E800C2B563 /* Resources */ = {
			isa = PBXResourcesBuildPhase;
			buildActionMask = 2147483647;
			files = (
			);
			runOnlyForDeploymentPostprocessing = 0;
		};
		7AA52C502D97D8E800C2B563 /* Resources */ = {
			isa = PBXResourcesBuildPhase;
			buildActionMask = 2147483647;
			files = (
			);
			runOnlyForDeploymentPostprocessing = 0;
		};
/* End PBXResourcesBuildPhase section */

/* Begin PBXSourcesBuildPhase section */
		7AA52C2E2D97D8E700C2B563 /* Sources */ = {
			isa = PBXSourcesBuildPhase;
			buildActionMask = 2147483647;
			files = (
			);
			runOnlyForDeploymentPostprocessing = 0;
		};
		7AA52C442D97D8E800C2B563 /* Sources */ = {
			isa = PBXSourcesBuildPhase;
			buildActionMask = 2147483647;
			files = (
			);
			runOnlyForDeploymentPostprocessing = 0;
		};
		7AA52C4E2D97D8E800C2B563 /* Sources */ = {
			isa = PBXSourcesBuildPhase;
			buildActionMask = 2147483647;
			files = (
			);
			runOnlyForDeploymentPostprocessing = 0;
		};
/* End PBXSourcesBuildPhase section */

/* Begin PBXTargetDependency section */
		7AA52C4A2D97D8E800C2B563 /* PBXTargetDependency */ = {
			isa = PBXTargetDependency;
			target = 7AA52C312D97D8E700C2B563 /* WhoNext */;
			targetProxy = 7AA52C492D97D8E800C2B563 /* PBXContainerItemProxy */;
		};
		7AA52C542D97D8E800C2B563 /* PBXTargetDependency */ = {
			isa = PBXTargetDependency;
			target = 7AA52C312D97D8E700C2B563 /* WhoNext */;
			targetProxy = 7AA52C532D97D8E800C2B563 /* PBXContainerItemProxy */;
		};
/* End PBXTargetDependency section */

/* Begin XCBuildConfiguration section */
		7AA52C5A2D97D8E800C2B563 /* Debug */ = {
			isa = XCBuildConfiguration;
			buildSettings = {
				ALWAYS_SEARCH_USER_PATHS = NO;
				ASSETCATALOG_COMPILER_GENERATE_SWIFT_ASSET_SYMBOL_EXTENSIONS = YES;
				CLANG_ANALYZER_NONNULL = YES;
				CLANG_ANALYZER_NUMBER_OBJECT_CONVERSION = YES_AGGRESSIVE;
				CLANG_CXX_LANGUAGE_STANDARD = "gnu++20";
				CLANG_ENABLE_MODULES = YES;
				CLANG_ENABLE_OBJC_ARC = YES;
				CLANG_ENABLE_OBJC_WEAK = YES;
				CLANG_WARN_BLOCK_CAPTURE_AUTORELEASING = YES;
				CLANG_WARN_BOOL_CONVERSION = YES;
				CLANG_WARN_COMMA = YES;
				CLANG_WARN_CONSTANT_CONVERSION = YES;
				CLANG_WARN_DEPRECATED_OBJC_IMPLEMENTATIONS = YES;
				CLANG_WARN_DIRECT_OBJC_ISA_USAGE = YES_ERROR;
				CLANG_WARN_DOCUMENTATION_COMMENTS = YES;
				CLANG_WARN_EMPTY_BODY = YES;
				CLANG_WARN_ENUM_CONVERSION = YES;
				CLANG_WARN_INFINITE_RECURSION = YES;
				CLANG_WARN_INT_CONVERSION = YES;
				CLANG_WARN_NON_LITERAL_NULL_CONVERSION = YES;
				CLANG_WARN_OBJC_IMPLICIT_RETAIN_SELF = YES;
				CLANG_WARN_OBJC_LITERAL_CONVERSION = YES;
				CLANG_WARN_OBJC_ROOT_CLASS = YES_ERROR;
				CLANG_WARN_QUOTED_INCLUDE_IN_FRAMEWORK_HEADER = YES;
				CLANG_WARN_RANGE_LOOP_ANALYSIS = YES;
				CLANG_WARN_STRICT_PROTOTYPES = YES;
				CLANG_WARN_SUSPICIOUS_MOVE = YES;
				CLANG_WARN_UNGUARDED_AVAILABILITY = YES_AGGRESSIVE;
				CLANG_WARN_UNREACHABLE_CODE = YES;
				CLANG_WARN__DUPLICATE_METHOD_MATCH = YES;
				COPY_PHASE_STRIP = NO;
				DEBUG_INFORMATION_FORMAT = dwarf;
				ENABLE_STRICT_OBJC_MSGSEND = YES;
				ENABLE_TESTABILITY = YES;
				ENABLE_USER_SCRIPT_SANDBOXING = YES;
				GCC_C_LANGUAGE_STANDARD = gnu17;
				GCC_DYNAMIC_NO_PIC = NO;
				GCC_NO_COMMON_BLOCKS = YES;
				GCC_OPTIMIZATION_LEVEL = 0;
				GCC_PREPROCESSOR_DEFINITIONS = (
					"DEBUG=1",
					"$(inherited)",
				);
				GCC_WARN_64_TO_32_BIT_CONVERSION = YES;
				GCC_WARN_ABOUT_RETURN_TYPE = YES_ERROR;
				GCC_WARN_UNDECLARED_SELECTOR = YES;
				GCC_WARN_UNINITIALIZED_AUTOS = YES_AGGRESSIVE;
				GCC_WARN_UNUSED_FUNCTION = YES;
				GCC_WARN_UNUSED_VARIABLE = YES;
				LOCALIZATION_PREFERS_STRING_CATALOGS = YES;
				MACOSX_DEPLOYMENT_TARGET = 15.2;
				MTL_ENABLE_DEBUG_INFO = INCLUDE_SOURCE;
				MTL_FAST_MATH = YES;
				ONLY_ACTIVE_ARCH = YES;
				SDKROOT = macosx;
				SWIFT_ACTIVE_COMPILATION_CONDITIONS = "DEBUG $(inherited)";
				SWIFT_OPTIMIZATION_LEVEL = "-Onone";
			};
			name = Debug;
		};
		7AA52C5B2D97D8E800C2B563 /* Release */ = {
			isa = XCBuildConfiguration;
			buildSettings = {
				ALWAYS_SEARCH_USER_PATHS = NO;
				ASSETCATALOG_COMPILER_GENERATE_SWIFT_ASSET_SYMBOL_EXTENSIONS = YES;
				CLANG_ANALYZER_NONNULL = YES;
				CLANG_ANALYZER_NUMBER_OBJECT_CONVERSION = YES_AGGRESSIVE;
				CLANG_CXX_LANGUAGE_STANDARD = "gnu++20";
				CLANG_ENABLE_MODULES = YES;
				CLANG_ENABLE_OBJC_ARC = YES;
				CLANG_ENABLE_OBJC_WEAK = YES;
				CLANG_WARN_BLOCK_CAPTURE_AUTORELEASING = YES;
				CLANG_WARN_BOOL_CONVERSION = YES;
				CLANG_WARN_COMMA = YES;
				CLANG_WARN_CONSTANT_CONVERSION = YES;
				CLANG_WARN_DEPRECATED_OBJC_IMPLEMENTATIONS = YES;
				CLANG_WARN_DIRECT_OBJC_ISA_USAGE = YES_ERROR;
				CLANG_WARN_DOCUMENTATION_COMMENTS = YES;
				CLANG_WARN_EMPTY_BODY = YES;
				CLANG_WARN_ENUM_CONVERSION = YES;
				CLANG_WARN_INFINITE_RECURSION = YES;
				CLANG_WARN_INT_CONVERSION = YES;
				CLANG_WARN_NON_LITERAL_NULL_CONVERSION = YES;
				CLANG_WARN_OBJC_IMPLICIT_RETAIN_SELF = YES;
				CLANG_WARN_OBJC_LITERAL_CONVERSION = YES;
				CLANG_WARN_OBJC_ROOT_CLASS = YES_ERROR;
				CLANG_WARN_QUOTED_INCLUDE_IN_FRAMEWORK_HEADER = YES;
				CLANG_WARN_RANGE_LOOP_ANALYSIS = YES;
				CLANG_WARN_STRICT_PROTOTYPES = YES;
				CLANG_WARN_SUSPICIOUS_MOVE = YES;
				CLANG_WARN_UNGUARDED_AVAILABILITY = YES_AGGRESSIVE;
				CLANG_WARN_UNREACHABLE_CODE = YES;
				CLANG_WARN__DUPLICATE_METHOD_MATCH = YES;
				COPY_PHASE_STRIP = NO;
				DEBUG_INFORMATION_FORMAT = "dwarf-with-dsym";
				ENABLE_NS_ASSERTIONS = NO;
				ENABLE_STRICT_OBJC_MSGSEND = YES;
				ENABLE_USER_SCRIPT_SANDBOXING = YES;
				GCC_C_LANGUAGE_STANDARD = gnu17;
				GCC_NO_COMMON_BLOCKS = YES;
				GCC_WARN_64_TO_32_BIT_CONVERSION = YES;
				GCC_WARN_ABOUT_RETURN_TYPE = YES_ERROR;
				GCC_WARN_UNDECLARED_SELECTOR = YES;
				GCC_WARN_UNINITIALIZED_AUTOS = YES_AGGRESSIVE;
				GCC_WARN_UNUSED_FUNCTION = YES;
				GCC_WARN_UNUSED_VARIABLE = YES;
				LOCALIZATION_PREFERS_STRING_CATALOGS = YES;
				MACOSX_DEPLOYMENT_TARGET = 15.2;
				MTL_ENABLE_DEBUG_INFO = NO;
				MTL_FAST_MATH = YES;
				SDKROOT = macosx;
				SWIFT_COMPILATION_MODE = wholemodule;
			};
			name = Release;
		};
		7AA52C5D2D97D8E800C2B563 /* Debug */ = {
			isa = XCBuildConfiguration;
			buildSettings = {
				ASSETCATALOG_COMPILER_APPICON_NAME = AppIcon;
				ASSETCATALOG_COMPILER_GLOBAL_ACCENT_COLOR_NAME = AccentColor;
				ASSETCATALOG_COMPILER_INCLUDE_ALL_APPICON_ASSETS = YES;
				CODE_SIGN_ENTITLEMENTS = WhoNext/WhoNext.entitlements;
				CODE_SIGN_STYLE = Automatic;
				COMBINE_HIDPI_IMAGES = YES;
				CURRENT_PROJECT_VERSION = 1;
				DEVELOPMENT_ASSET_PATHS = "\"WhoNext/Preview Content\"";
				DEVELOPMENT_TEAM = ZW6EQ2JWKC;
				ENABLE_HARDENED_RUNTIME = YES;
				ENABLE_PREVIEWS = YES;
				GENERATE_INFOPLIST_FILE = YES;
				INFOPLIST_FILE = "$(SRCROOT)/WhoNext/Info.plist";
				INFOPLIST_KEY_NSHumanReadableCopyright = "";
				LD_RUNPATH_SEARCH_PATHS = (
					"$(inherited)",
					"@executable_path/../Frameworks",
				);
				MARKETING_VERSION = 1.3;
				PRODUCT_BUNDLE_IDENTIFIER = com.bobk.WhoNext;
				PRODUCT_NAME = "$(TARGET_NAME)";
				SWIFT_EMIT_LOC_STRINGS = YES;
				SWIFT_VERSION = 5.0;
			};
			name = Debug;
		};
		7AA52C5E2D97D8E800C2B563 /* Release */ = {
			isa = XCBuildConfiguration;
			buildSettings = {
				ASSETCATALOG_COMPILER_APPICON_NAME = AppIcon;
				ASSETCATALOG_COMPILER_GLOBAL_ACCENT_COLOR_NAME = AccentColor;
				ASSETCATALOG_COMPILER_INCLUDE_ALL_APPICON_ASSETS = YES;
				CODE_SIGN_ENTITLEMENTS = WhoNext/WhoNext.entitlements;
				CODE_SIGN_STYLE = Automatic;
				COMBINE_HIDPI_IMAGES = YES;
				CURRENT_PROJECT_VERSION = 1;
				DEVELOPMENT_ASSET_PATHS = "\"WhoNext/Preview Content\"";
				DEVELOPMENT_TEAM = ZW6EQ2JWKC;
				ENABLE_HARDENED_RUNTIME = YES;
				ENABLE_PREVIEWS = YES;
				GENERATE_INFOPLIST_FILE = YES;
				INFOPLIST_FILE = "$(SRCROOT)/WhoNext/Info.plist";
				INFOPLIST_KEY_NSHumanReadableCopyright = "";
				LD_RUNPATH_SEARCH_PATHS = (
					"$(inherited)",
					"@executable_path/../Frameworks",
				);
				MARKETING_VERSION = 1.3;
				PRODUCT_BUNDLE_IDENTIFIER = com.bobk.WhoNext;
				PRODUCT_NAME = "$(TARGET_NAME)";
				SWIFT_EMIT_LOC_STRINGS = YES;
				SWIFT_VERSION = 5.0;
			};
			name = Release;
		};
		7AA52C602D97D8E800C2B563 /* Debug */ = {
			isa = XCBuildConfiguration;
			buildSettings = {
				BUNDLE_LOADER = "$(TEST_HOST)";
				CODE_SIGN_STYLE = Automatic;
				CURRENT_PROJECT_VERSION = 1;
				DEVELOPMENT_TEAM = ZW6EQ2JWKC;
				GENERATE_INFOPLIST_FILE = YES;
				MACOSX_DEPLOYMENT_TARGET = 15.2;
				MARKETING_VERSION = 1.0;
				PRODUCT_BUNDLE_IDENTIFIER = com.bobk.WhoNextTests;
				PRODUCT_NAME = "$(TARGET_NAME)";
				SWIFT_EMIT_LOC_STRINGS = NO;
				SWIFT_VERSION = 5.0;
				TEST_HOST = "$(BUILT_PRODUCTS_DIR)/WhoNext.app/$(BUNDLE_EXECUTABLE_FOLDER_PATH)/WhoNext";
			};
			name = Debug;
		};
		7AA52C612D97D8E800C2B563 /* Release */ = {
			isa = XCBuildConfiguration;
			buildSettings = {
				BUNDLE_LOADER = "$(TEST_HOST)";
				CODE_SIGN_STYLE = Automatic;
				CURRENT_PROJECT_VERSION = 1;
				DEVELOPMENT_TEAM = ZW6EQ2JWKC;
				GENERATE_INFOPLIST_FILE = YES;
				MACOSX_DEPLOYMENT_TARGET = 15.2;
				MARKETING_VERSION = 1.0;
				PRODUCT_BUNDLE_IDENTIFIER = com.bobk.WhoNextTests;
				PRODUCT_NAME = "$(TARGET_NAME)";
				SWIFT_EMIT_LOC_STRINGS = NO;
				SWIFT_VERSION = 5.0;
				TEST_HOST = "$(BUILT_PRODUCTS_DIR)/WhoNext.app/$(BUNDLE_EXECUTABLE_FOLDER_PATH)/WhoNext";
			};
			name = Release;
		};
		7AA52C632D97D8E800C2B563 /* Debug */ = {
			isa = XCBuildConfiguration;
			buildSettings = {
				CODE_SIGN_STYLE = Automatic;
				CURRENT_PROJECT_VERSION = 1;
				DEVELOPMENT_TEAM = ZW6EQ2JWKC;
				GENERATE_INFOPLIST_FILE = YES;
				MARKETING_VERSION = 1.0;
				PRODUCT_BUNDLE_IDENTIFIER = com.bobk.WhoNextUITests;
				PRODUCT_NAME = "$(TARGET_NAME)";
				SWIFT_EMIT_LOC_STRINGS = NO;
				SWIFT_VERSION = 5.0;
				TEST_TARGET_NAME = WhoNext;
			};
			name = Debug;
		};
		7AA52C642D97D8E800C2B563 /* Release */ = {
			isa = XCBuildConfiguration;
			buildSettings = {
				CODE_SIGN_STYLE = Automatic;
				CURRENT_PROJECT_VERSION = 1;
				DEVELOPMENT_TEAM = ZW6EQ2JWKC;
				GENERATE_INFOPLIST_FILE = YES;
				MARKETING_VERSION = 1.0;
				PRODUCT_BUNDLE_IDENTIFIER = com.bobk.WhoNextUITests;
				PRODUCT_NAME = "$(TARGET_NAME)";
				SWIFT_EMIT_LOC_STRINGS = NO;
				SWIFT_VERSION = 5.0;
				TEST_TARGET_NAME = WhoNext;
			};
			name = Release;
		};
/* End XCBuildConfiguration section */

/* Begin XCConfigurationList section */
		7AA52C2D2D97D8E700C2B563 /* Build configuration list for PBXProject "WhoNext" */ = {
			isa = XCConfigurationList;
			buildConfigurations = (
				7AA52C5A2D97D8E800C2B563 /* Debug */,
				7AA52C5B2D97D8E800C2B563 /* Release */,
			);
			defaultConfigurationIsVisible = 0;
			defaultConfigurationName = Release;
		};
		7AA52C5C2D97D8E800C2B563 /* Build configuration list for PBXNativeTarget "WhoNext" */ = {
			isa = XCConfigurationList;
			buildConfigurations = (
				7AA52C5D2D97D8E800C2B563 /* Debug */,
				7AA52C5E2D97D8E800C2B563 /* Release */,
			);
			defaultConfigurationIsVisible = 0;
			defaultConfigurationName = Release;
		};
		7AA52C5F2D97D8E800C2B563 /* Build configuration list for PBXNativeTarget "WhoNextTests" */ = {
			isa = XCConfigurationList;
			buildConfigurations = (
				7AA52C602D97D8E800C2B563 /* Debug */,
				7AA52C612D97D8E800C2B563 /* Release */,
			);
			defaultConfigurationIsVisible = 0;
			defaultConfigurationName = Release;
		};
		7AA52C622D97D8E800C2B563 /* Build configuration list for PBXNativeTarget "WhoNextUITests" */ = {
			isa = XCConfigurationList;
			buildConfigurations = (
				7AA52C632D97D8E800C2B563 /* Debug */,
				7AA52C642D97D8E800C2B563 /* Release */,
			);
			defaultConfigurationIsVisible = 0;
			defaultConfigurationName = Release;
		};
/* End XCConfigurationList section */

/* Begin XCRemoteSwiftPackageReference section */
		7A1234542DBC08000089D3DA /* XCRemoteSwiftPackageReference "supabase-swift" */ = {
			isa = XCRemoteSwiftPackageReference;
			repositoryURL = "https://github.com/supabase/supabase-swift";
			requirement = {
				kind = upToNextMajorVersion;
				minimumVersion = 1.0.0;
			};
		};
		7A1FD56B2DBC07E30089D3DA /* XCRemoteSwiftPackageReference "Down" */ = {
			isa = XCRemoteSwiftPackageReference;
			repositoryURL = "https://github.com/iwasrobbed/Down";
			requirement = {
				branch = master;
				kind = branch;
			};
		};
		7A5791672D9940CC0018E162 /* XCRemoteSwiftPackageReference "SwiftCSV" */ = {
			isa = XCRemoteSwiftPackageReference;
			repositoryURL = "https://github.com/swiftcsv/SwiftCSV";
			requirement = {
				kind = upToNextMajorVersion;
				minimumVersion = 0.10.0;
			};
		};
/* End XCRemoteSwiftPackageReference section */

/* Begin XCSwiftPackageProductDependency section */
		7A1234552DBC08000089D3DA /* Supabase */ = {
			isa = XCSwiftPackageProductDependency;
			package = 7A1234542DBC08000089D3DA /* XCRemoteSwiftPackageReference "supabase-swift" */;
			productName = Supabase;
		};
		7A1FD56C2DBC07E30089D3DA /* Down */ = {
			isa = XCSwiftPackageProductDependency;
			package = 7A1FD56B2DBC07E30089D3DA /* XCRemoteSwiftPackageReference "Down" */;
			productName = Down;
		};
		7A5791682D9940CC0018E162 /* SwiftCSV */ = {
			isa = XCSwiftPackageProductDependency;
			package = 7A5791672D9940CC0018E162 /* XCRemoteSwiftPackageReference "SwiftCSV" */;
			productName = SwiftCSV;
		};
/* End XCSwiftPackageProductDependency section */
	};
	rootObject = 7AA52C2A2D97D8E700C2B563 /* Project object */;
}
